// !$*UTF8*$!
{
	archiveVersion = 1;
	classes = {
	};
	objectVersion = 56;
	objects = {

/* Begin PBXBuildFile section */
		0128BC8D29E6D92800321EF8 /* Router.swift in Sources */ = {isa = PBXBuildFile; fileRef = 0128BC8C29E6D92800321EF8 /* Router.swift */; };
		0128BC9129E6E8B000321EF8 /* HomeScreenViewController.swift in Sources */ = {isa = PBXBuildFile; fileRef = 0128BC9029E6E8B000321EF8 /* HomeScreenViewController.swift */; };
		0128BC9329E6F06400321EF8 /* FoodViewController.swift in Sources */ = {isa = PBXBuildFile; fileRef = 0128BC9229E6F06400321EF8 /* FoodViewController.swift */; };
		01472D5129E9E86300845D4E /* Edamam.swift in Sources */ = {isa = PBXBuildFile; fileRef = 01472D5029E9E86300845D4E /* Edamam.swift */; };
		01472D6729EA809E00845D4E /* Dish.swift in Sources */ = {isa = PBXBuildFile; fileRef = 01472D6629EA809E00845D4E /* Dish.swift */; };
		01472D6929EB046100845D4E /* FoodEditor.swift in Sources */ = {isa = PBXBuildFile; fileRef = 01472D6829EB046100845D4E /* FoodEditor.swift */; };
		01472D6B29EC63C900845D4E /* WeightEnterViewController.swift in Sources */ = {isa = PBXBuildFile; fileRef = 01472D6A29EC63C900845D4E /* WeightEnterViewController.swift */; };
		01472D6D29ED57D100845D4E /* FoodTableViewCell.swift in Sources */ = {isa = PBXBuildFile; fileRef = 01472D6C29ED57D100845D4E /* FoodTableViewCell.swift */; };
		01F06D2529E594100012CFE7 /* AppDelegate.swift in Sources */ = {isa = PBXBuildFile; fileRef = 01F06D2429E594100012CFE7 /* AppDelegate.swift */; };
		01F06D2729E594100012CFE7 /* SceneDelegate.swift in Sources */ = {isa = PBXBuildFile; fileRef = 01F06D2629E594100012CFE7 /* SceneDelegate.swift */; };
		01F06D2929E594100012CFE7 /* RootViewController.swift in Sources */ = {isa = PBXBuildFile; fileRef = 01F06D2829E594100012CFE7 /* RootViewController.swift */; };
		01F06D2F29E594100012CFE7 /* MonsterFitness.xcdatamodeld in Sources */ = {isa = PBXBuildFile; fileRef = 01F06D2D29E594100012CFE7 /* MonsterFitness.xcdatamodeld */; };
		01F06D3129E594110012CFE7 /* Assets.xcassets in Resources */ = {isa = PBXBuildFile; fileRef = 01F06D3029E594110012CFE7 /* Assets.xcassets */; };
		01F06D3429E594110012CFE7 /* LaunchScreen.storyboard in Resources */ = {isa = PBXBuildFile; fileRef = 01F06D3229E594110012CFE7 /* LaunchScreen.storyboard */; };
		0A57670129E9872C00648944 /* ProfileViewController.swift in Sources */ = {isa = PBXBuildFile; fileRef = 0A57670029E9872C00648944 /* ProfileViewController.swift */; };
		0A57670529E990F100648944 /* User.swift in Sources */ = {isa = PBXBuildFile; fileRef = 0A57670429E990F100648944 /* User.swift */; };
		0A6F039B29EEB2A800356321 /* UserProfile.swift in Sources */ = {isa = PBXBuildFile; fileRef = 0A6F039A29EEB2A800356321 /* UserProfile.swift */; };
		9249CCEC29E999E30031A47A /* FatMeterView.swift in Sources */ = {isa = PBXBuildFile; fileRef = 9249CCEB29E999E30031A47A /* FatMeterView.swift */; };
		9249CCF029E9E2DE0031A47A /* CalorieSummaryView.swift in Sources */ = {isa = PBXBuildFile; fileRef = 9249CCEF29E9E2DE0031A47A /* CalorieSummaryView.swift */; };
		9249CCF729EAE2EB0031A47A /* EatenProductsCell.swift in Sources */ = {isa = PBXBuildFile; fileRef = 9249CCF629EAE2EB0031A47A /* EatenProductsCell.swift */; };
		9249CCF929EAE7010031A47A /* MockFoodManager.swift in Sources */ = {isa = PBXBuildFile; fileRef = 9249CCF829EAE7010031A47A /* MockFoodManager.swift */; };
		92C5C0A829E97A550001CD34 /* MainScreen.swift in Sources */ = {isa = PBXBuildFile; fileRef = 92C5C0A729E97A550001CD34 /* MainScreen.swift */; };
		92C5C0AA29E97F1C0001CD34 /* CalorieIndicatorView.swift in Sources */ = {isa = PBXBuildFile; fileRef = 92C5C0A929E97F1C0001CD34 /* CalorieIndicatorView.swift */; };
		92C7114029E82AAF00A195E1 /* StepCountModel.swift in Sources */ = {isa = PBXBuildFile; fileRef = 92C7113F29E82AAF00A195E1 /* StepCountModel.swift */; };
		92EFD8C029ED78AB00BFFD2E /* ConsumptionEstimation.swift in Sources */ = {isa = PBXBuildFile; fileRef = 92EFD8BF29ED78AB00BFFD2E /* ConsumptionEstimation.swift */; };
		C3A6AE0029EAA6F900E230BF /* CalendarController.swift in Sources */ = {isa = PBXBuildFile; fileRef = C3A6ADFF29EAA6F900E230BF /* CalendarController.swift */; };
/* End PBXBuildFile section */

/* Begin PBXFileReference section */
		0128BC8C29E6D92800321EF8 /* Router.swift */ = {isa = PBXFileReference; lastKnownFileType = sourcecode.swift; path = Router.swift; sourceTree = "<group>"; };
		0128BC9029E6E8B000321EF8 /* HomeScreenViewController.swift */ = {isa = PBXFileReference; lastKnownFileType = sourcecode.swift; path = HomeScreenViewController.swift; sourceTree = "<group>"; };
		0128BC9229E6F06400321EF8 /* FoodViewController.swift */ = {isa = PBXFileReference; lastKnownFileType = sourcecode.swift; path = FoodViewController.swift; sourceTree = "<group>"; };
		01472D5029E9E86300845D4E /* Edamam.swift */ = {isa = PBXFileReference; lastKnownFileType = sourcecode.swift; path = Edamam.swift; sourceTree = "<group>"; };
		01472D6629EA809E00845D4E /* Dish.swift */ = {isa = PBXFileReference; lastKnownFileType = sourcecode.swift; path = Dish.swift; sourceTree = "<group>"; };
		01472D6829EB046100845D4E /* FoodEditor.swift */ = {isa = PBXFileReference; lastKnownFileType = sourcecode.swift; path = FoodEditor.swift; sourceTree = "<group>"; };
		01472D6A29EC63C900845D4E /* WeightEnterViewController.swift */ = {isa = PBXFileReference; lastKnownFileType = sourcecode.swift; path = WeightEnterViewController.swift; sourceTree = "<group>"; };
		01472D6C29ED57D100845D4E /* FoodTableViewCell.swift */ = {isa = PBXFileReference; lastKnownFileType = sourcecode.swift; path = FoodTableViewCell.swift; sourceTree = "<group>"; };
		01F06D2129E594100012CFE7 /* MonsterFitness.app */ = {isa = PBXFileReference; explicitFileType = wrapper.application; includeInIndex = 0; path = MonsterFitness.app; sourceTree = BUILT_PRODUCTS_DIR; };
		01F06D2429E594100012CFE7 /* AppDelegate.swift */ = {isa = PBXFileReference; lastKnownFileType = sourcecode.swift; path = AppDelegate.swift; sourceTree = "<group>"; };
		01F06D2629E594100012CFE7 /* SceneDelegate.swift */ = {isa = PBXFileReference; lastKnownFileType = sourcecode.swift; path = SceneDelegate.swift; sourceTree = "<group>"; };
		01F06D2829E594100012CFE7 /* RootViewController.swift */ = {isa = PBXFileReference; lastKnownFileType = sourcecode.swift; path = RootViewController.swift; sourceTree = "<group>"; };
		01F06D2E29E594100012CFE7 /* MonsterFitness.xcdatamodel */ = {isa = PBXFileReference; lastKnownFileType = wrapper.xcdatamodel; path = MonsterFitness.xcdatamodel; sourceTree = "<group>"; };
		01F06D3029E594110012CFE7 /* Assets.xcassets */ = {isa = PBXFileReference; lastKnownFileType = folder.assetcatalog; path = Assets.xcassets; sourceTree = "<group>"; };
		01F06D3329E594110012CFE7 /* Base */ = {isa = PBXFileReference; lastKnownFileType = file.storyboard; name = Base; path = Base.lproj/LaunchScreen.storyboard; sourceTree = "<group>"; };
		01F06D3529E594110012CFE7 /* Info.plist */ = {isa = PBXFileReference; lastKnownFileType = text.plist.xml; path = Info.plist; sourceTree = "<group>"; };
		0A57670029E9872C00648944 /* ProfileViewController.swift */ = {isa = PBXFileReference; lastKnownFileType = sourcecode.swift; path = ProfileViewController.swift; sourceTree = "<group>"; };
		0A57670429E990F100648944 /* User.swift */ = {isa = PBXFileReference; fileEncoding = 4; lastKnownFileType = sourcecode.swift; path = User.swift; sourceTree = "<group>"; };
		0A6F039A29EEB2A800356321 /* UserProfile.swift */ = {isa = PBXFileReference; lastKnownFileType = sourcecode.swift; path = UserProfile.swift; sourceTree = "<group>"; };
		9249CCEB29E999E30031A47A /* FatMeterView.swift */ = {isa = PBXFileReference; lastKnownFileType = sourcecode.swift; path = FatMeterView.swift; sourceTree = "<group>"; };
		9249CCEF29E9E2DE0031A47A /* CalorieSummaryView.swift */ = {isa = PBXFileReference; lastKnownFileType = sourcecode.swift; path = CalorieSummaryView.swift; sourceTree = "<group>"; };
		9249CCF629EAE2EB0031A47A /* EatenProductsCell.swift */ = {isa = PBXFileReference; lastKnownFileType = sourcecode.swift; path = EatenProductsCell.swift; sourceTree = "<group>"; };
		9249CCF829EAE7010031A47A /* MockFoodManager.swift */ = {isa = PBXFileReference; lastKnownFileType = sourcecode.swift; path = MockFoodManager.swift; sourceTree = "<group>"; };
		92C5C0A729E97A550001CD34 /* MainScreen.swift */ = {isa = PBXFileReference; lastKnownFileType = sourcecode.swift; path = MainScreen.swift; sourceTree = "<group>"; };
		92C5C0A929E97F1C0001CD34 /* CalorieIndicatorView.swift */ = {isa = PBXFileReference; lastKnownFileType = sourcecode.swift; path = CalorieIndicatorView.swift; sourceTree = "<group>"; };
		92C7113829E6EC2C00A195E1 /* MonsterFitness.entitlements */ = {isa = PBXFileReference; lastKnownFileType = text.plist.entitlements; path = MonsterFitness.entitlements; sourceTree = "<group>"; };
		92C7113F29E82AAF00A195E1 /* StepCountModel.swift */ = {isa = PBXFileReference; lastKnownFileType = sourcecode.swift; path = StepCountModel.swift; sourceTree = "<group>"; };
		92EFD8BF29ED78AB00BFFD2E /* ConsumptionEstimation.swift */ = {isa = PBXFileReference; lastKnownFileType = sourcecode.swift; path = ConsumptionEstimation.swift; sourceTree = "<group>"; };
		C3A6ADFF29EAA6F900E230BF /* CalendarController.swift */ = {isa = PBXFileReference; lastKnownFileType = sourcecode.swift; path = CalendarController.swift; sourceTree = "<group>"; };
/* End PBXFileReference section */

/* Begin PBXFrameworksBuildPhase section */
		01F06D1E29E594100012CFE7 /* Frameworks */ = {
			isa = PBXFrameworksBuildPhase;
			buildActionMask = 2147483647;
			files = (
			);
			runOnlyForDeploymentPostprocessing = 0;
		};
/* End PBXFrameworksBuildPhase section */

/* Begin PBXGroup section */
		01472D6529EA802000845D4E /* Food */ = {
			isa = PBXGroup;
			children = (
				0128BC9229E6F06400321EF8 /* FoodViewController.swift */,
				01472D5029E9E86300845D4E /* Edamam.swift */,
				01472D6629EA809E00845D4E /* Dish.swift */,
				01472D6829EB046100845D4E /* FoodEditor.swift */,
				01472D6A29EC63C900845D4E /* WeightEnterViewController.swift */,
				01472D6C29ED57D100845D4E /* FoodTableViewCell.swift */,
			);
			path = Food;
			sourceTree = "<group>";
		};
		01F06D1829E594100012CFE7 = {
			isa = PBXGroup;
			children = (
				01F06D2329E594100012CFE7 /* MonsterFitness */,
				01F06D2229E594100012CFE7 /* Products */,
			);
			sourceTree = "<group>";
		};
		01F06D2229E594100012CFE7 /* Products */ = {
			isa = PBXGroup;
			children = (
				01F06D2129E594100012CFE7 /* MonsterFitness.app */,
			);
			name = Products;
			sourceTree = "<group>";
		};
		01F06D2329E594100012CFE7 /* MonsterFitness */ = {
			isa = PBXGroup;
			children = (
				92C5C0A629E97A3F0001CD34 /* Views */,
				92C7113A29E81C4F00A195E1 /* Service */,
				92C7113829E6EC2C00A195E1 /* MonsterFitness.entitlements */,
				01472D6529EA802000845D4E /* Food */,
				01F06D2429E594100012CFE7 /* AppDelegate.swift */,
				01F06D2629E594100012CFE7 /* SceneDelegate.swift */,
				01F06D2829E594100012CFE7 /* RootViewController.swift */,
				0A57670329E990F100648944 /* Models */,
				01F06D3029E594110012CFE7 /* Assets.xcassets */,
				C3A6ADFE29EAA6D500E230BF /* Calendar */,
				01F06D3229E594110012CFE7 /* LaunchScreen.storyboard */,
				01F06D3529E594110012CFE7 /* Info.plist */,
				01F06D2D29E594100012CFE7 /* MonsterFitness.xcdatamodeld */,
				0128BC8C29E6D92800321EF8 /* Router.swift */,
				0A57670029E9872C00648944 /* ProfileViewController.swift */,
				0128BC9029E6E8B000321EF8 /* HomeScreenViewController.swift */,
			);
			path = MonsterFitness;
			sourceTree = "<group>";
		};
		0A57670329E990F100648944 /* Models */ = {
			isa = PBXGroup;
			children = (
				0A57670429E990F100648944 /* User.swift */,
			);
			path = Models;
			sourceTree = "<group>";
		};
		92C5C0A629E97A3F0001CD34 /* Views */ = {
			isa = PBXGroup;
			children = (
				92C5C0A729E97A550001CD34 /* MainScreen.swift */,
				92C5C0A929E97F1C0001CD34 /* CalorieIndicatorView.swift */,
				9249CCEB29E999E30031A47A /* FatMeterView.swift */,
				9249CCEF29E9E2DE0031A47A /* CalorieSummaryView.swift */,
				9249CCF629EAE2EB0031A47A /* EatenProductsCell.swift */,
			);
			path = Views;
			sourceTree = "<group>";
		};
		92C7113A29E81C4F00A195E1 /* Service */ = {
			isa = PBXGroup;
			children = (
				92C7113F29E82AAF00A195E1 /* StepCountModel.swift */,
				9249CCF829EAE7010031A47A /* MockFoodManager.swift */,
				92EFD8BF29ED78AB00BFFD2E /* ConsumptionEstimation.swift */,
				0A6F039A29EEB2A800356321 /* UserProfile.swift */,
			);
			path = Service;
			sourceTree = "<group>";
		};
		C3A6ADFE29EAA6D500E230BF /* Calendar */ = {
			isa = PBXGroup;
			children = (
				C3A6ADFF29EAA6F900E230BF /* CalendarController.swift */,
			);
			path = Calendar;
			sourceTree = "<group>";
		};
/* End PBXGroup section */

/* Begin PBXNativeTarget section */
		01F06D2029E594100012CFE7 /* MonsterFitness */ = {
			isa = PBXNativeTarget;
			buildConfigurationList = 01F06D3829E594110012CFE7 /* Build configuration list for PBXNativeTarget "MonsterFitness" */;
			buildPhases = (
				01F06D1D29E594100012CFE7 /* Sources */,
				01F06D1E29E594100012CFE7 /* Frameworks */,
				01F06D1F29E594100012CFE7 /* Resources */,
				92C7113929E716DB00A195E1 /* Linter */,
			);
			buildRules = (
			);
			dependencies = (
			);
			name = MonsterFitness;
			productName = MonsterFitness;
			productReference = 01F06D2129E594100012CFE7 /* MonsterFitness.app */;
			productType = "com.apple.product-type.application";
		};
/* End PBXNativeTarget section */

/* Begin PBXProject section */
		01F06D1929E594100012CFE7 /* Project object */ = {
			isa = PBXProject;
			attributes = {
				BuildIndependentTargetsInParallel = 1;
				LastSwiftUpdateCheck = 1430;
				LastUpgradeCheck = 1430;
				TargetAttributes = {
					01F06D2029E594100012CFE7 = {
						CreatedOnToolsVersion = 14.3;
					};
				};
			};
			buildConfigurationList = 01F06D1C29E594100012CFE7 /* Build configuration list for PBXProject "MonsterFitness" */;
			compatibilityVersion = "Xcode 14.0";
			developmentRegion = en;
			hasScannedForEncodings = 0;
			knownRegions = (
				en,
				Base,
			);
			mainGroup = 01F06D1829E594100012CFE7;
			productRefGroup = 01F06D2229E594100012CFE7 /* Products */;
			projectDirPath = "";
			projectRoot = "";
			targets = (
				01F06D2029E594100012CFE7 /* MonsterFitness */,
			);
		};
/* End PBXProject section */

/* Begin PBXResourcesBuildPhase section */
		01F06D1F29E594100012CFE7 /* Resources */ = {
			isa = PBXResourcesBuildPhase;
			buildActionMask = 2147483647;
			files = (
				01F06D3429E594110012CFE7 /* LaunchScreen.storyboard in Resources */,
				01F06D3129E594110012CFE7 /* Assets.xcassets in Resources */,
			);
			runOnlyForDeploymentPostprocessing = 0;
		};
/* End PBXResourcesBuildPhase section */

/* Begin PBXShellScriptBuildPhase section */
		92C7113929E716DB00A195E1 /* Linter */ = {
			isa = PBXShellScriptBuildPhase;
			buildActionMask = 2147483647;
			files = (
			);
			inputFileListPaths = (
			);
			inputPaths = (
			);
			name = Linter;
			outputFileListPaths = (
			);
			outputPaths = (
			);
			runOnlyForDeploymentPostprocessing = 0;
			shellPath = /bin/sh;
			shellScript = "SWIFT_LINT=/usr/local/bin/swiftlint\n\nif [[ -e \"${SWIFT_LINT}\" ]]; then\n    echo \"[I] Found SwiftLint at ${SWIFT_LINT}\"\nelse\n    echo \"[!] Local SwiftLint not found at ${SWIFT_LINT}\"\n    export SWIFT_LINT=${PWD}/Pods/SwiftLint/swiftlint\n    echo \"[I] Try to using SwiftLint from cocoapods at ${SWIFT_LINT}\"\nfi\n\nif [[ ! -e \"${SWIFT_LINT}\" ]]; then\n    echo \"[!] SwifLint is not installed.\"\n    echo \"[!] Expected location is '${SWIFT_LINT}'\"\n    echo \"[!] Please install it. eg. 'brew install swiftlint'\"\n    exit 1\nfi\n\necho \"[I] SwiftLint version: $(${SWIFT_LINT} version)\"\n\ngit ls-files --other --modified --exclude-standard -- \"*.swift\" | while read filename; do\n    $SWIFT_LINT lint --path \"$filename\";\n    $SWIFT_LINT autocorrect --path \"$filename\";\ndone\n";
		};
/* End PBXShellScriptBuildPhase section */

/* Begin PBXSourcesBuildPhase section */
		01F06D1D29E594100012CFE7 /* Sources */ = {
			isa = PBXSourcesBuildPhase;
			buildActionMask = 2147483647;
			files = (
				0A6F039B29EEB2A800356321 /* UserProfile.swift in Sources */,
				01F06D2929E594100012CFE7 /* RootViewController.swift in Sources */,
				9249CCF929EAE7010031A47A /* MockFoodManager.swift in Sources */,
				92EFD8C029ED78AB00BFFD2E /* ConsumptionEstimation.swift in Sources */,
				92C5C0A829E97A550001CD34 /* MainScreen.swift in Sources */,
				92C7114029E82AAF00A195E1 /* StepCountModel.swift in Sources */,
				01F06D2529E594100012CFE7 /* AppDelegate.swift in Sources */,
				92C5C0AA29E97F1C0001CD34 /* CalorieIndicatorView.swift in Sources */,
				9249CCF029E9E2DE0031A47A /* CalorieSummaryView.swift in Sources */,
				0128BC8D29E6D92800321EF8 /* Router.swift in Sources */,
				01472D6B29EC63C900845D4E /* WeightEnterViewController.swift in Sources */,
				0A57670529E990F100648944 /* User.swift in Sources */,
				0A57670129E9872C00648944 /* ProfileViewController.swift in Sources */,
				01F06D2729E594100012CFE7 /* SceneDelegate.swift in Sources */,
				C3A6AE0029EAA6F900E230BF /* CalendarController.swift in Sources */,
				0128BC9329E6F06400321EF8 /* FoodViewController.swift in Sources */,
				01472D6929EB046100845D4E /* FoodEditor.swift in Sources */,
				01472D5129E9E86300845D4E /* Edamam.swift in Sources */,
				01472D6729EA809E00845D4E /* Dish.swift in Sources */,
				01F06D2F29E594100012CFE7 /* MonsterFitness.xcdatamodeld in Sources */,
				0128BC9129E6E8B000321EF8 /* HomeScreenViewController.swift in Sources */,
				01472D6D29ED57D100845D4E /* FoodTableViewCell.swift in Sources */,
				9249CCF729EAE2EB0031A47A /* EatenProductsCell.swift in Sources */,
				01F06D2F29E594100012CFE7 /* MonsterFitness.xcdatamodeld in Sources */,
				9249CCEC29E999E30031A47A /* FatMeterView.swift in Sources */,
			);
			runOnlyForDeploymentPostprocessing = 0;
		};
/* End PBXSourcesBuildPhase section */

/* Begin PBXVariantGroup section */
		01F06D3229E594110012CFE7 /* LaunchScreen.storyboard */ = {
			isa = PBXVariantGroup;
			children = (
				01F06D3329E594110012CFE7 /* Base */,
			);
			name = LaunchScreen.storyboard;
			sourceTree = "<group>";
		};
/* End PBXVariantGroup section */

/* Begin XCBuildConfiguration section */
		01F06D3629E594110012CFE7 /* Debug */ = {
			isa = XCBuildConfiguration;
			buildSettings = {
				ALWAYS_SEARCH_USER_PATHS = NO;
				CLANG_ANALYZER_NONNULL = YES;
				CLANG_ANALYZER_NUMBER_OBJECT_CONVERSION = YES_AGGRESSIVE;
				CLANG_CXX_LANGUAGE_STANDARD = "gnu++20";
				CLANG_ENABLE_MODULES = YES;
				CLANG_ENABLE_OBJC_ARC = YES;
				CLANG_ENABLE_OBJC_WEAK = YES;
				CLANG_WARN_BLOCK_CAPTURE_AUTORELEASING = YES;
				CLANG_WARN_BOOL_CONVERSION = YES;
				CLANG_WARN_COMMA = YES;
				CLANG_WARN_CONSTANT_CONVERSION = YES;
				CLANG_WARN_DEPRECATED_OBJC_IMPLEMENTATIONS = YES;
				CLANG_WARN_DIRECT_OBJC_ISA_USAGE = YES_ERROR;
				CLANG_WARN_DOCUMENTATION_COMMENTS = YES;
				CLANG_WARN_EMPTY_BODY = YES;
				CLANG_WARN_ENUM_CONVERSION = YES;
				CLANG_WARN_INFINITE_RECURSION = YES;
				CLANG_WARN_INT_CONVERSION = YES;
				CLANG_WARN_NON_LITERAL_NULL_CONVERSION = YES;
				CLANG_WARN_OBJC_IMPLICIT_RETAIN_SELF = YES;
				CLANG_WARN_OBJC_LITERAL_CONVERSION = YES;
				CLANG_WARN_OBJC_ROOT_CLASS = YES_ERROR;
				CLANG_WARN_QUOTED_INCLUDE_IN_FRAMEWORK_HEADER = YES;
				CLANG_WARN_RANGE_LOOP_ANALYSIS = YES;
				CLANG_WARN_STRICT_PROTOTYPES = YES;
				CLANG_WARN_SUSPICIOUS_MOVE = YES;
				CLANG_WARN_UNGUARDED_AVAILABILITY = YES_AGGRESSIVE;
				CLANG_WARN_UNREACHABLE_CODE = YES;
				CLANG_WARN__DUPLICATE_METHOD_MATCH = YES;
				COPY_PHASE_STRIP = NO;
				DEBUG_INFORMATION_FORMAT = dwarf;
				ENABLE_STRICT_OBJC_MSGSEND = YES;
				ENABLE_TESTABILITY = YES;
				GCC_C_LANGUAGE_STANDARD = gnu11;
				GCC_DYNAMIC_NO_PIC = NO;
				GCC_NO_COMMON_BLOCKS = YES;
				GCC_OPTIMIZATION_LEVEL = 0;
				GCC_PREPROCESSOR_DEFINITIONS = (
					"DEBUG=1",
					"$(inherited)",
				);
				GCC_WARN_64_TO_32_BIT_CONVERSION = YES;
				GCC_WARN_ABOUT_RETURN_TYPE = YES_ERROR;
				GCC_WARN_UNDECLARED_SELECTOR = YES;
				GCC_WARN_UNINITIALIZED_AUTOS = YES_AGGRESSIVE;
				GCC_WARN_UNUSED_FUNCTION = YES;
				GCC_WARN_UNUSED_VARIABLE = YES;
				IPHONEOS_DEPLOYMENT_TARGET = 16.0;
				MTL_ENABLE_DEBUG_INFO = INCLUDE_SOURCE;
				MTL_FAST_MATH = YES;
				ONLY_ACTIVE_ARCH = YES;
				SDKROOT = iphoneos;
				SWIFT_ACTIVE_COMPILATION_CONDITIONS = DEBUG;
				SWIFT_OPTIMIZATION_LEVEL = "-Onone";
			};
			name = Debug;
		};
		01F06D3729E594110012CFE7 /* Release */ = {
			isa = XCBuildConfiguration;
			buildSettings = {
				ALWAYS_SEARCH_USER_PATHS = NO;
				CLANG_ANALYZER_NONNULL = YES;
				CLANG_ANALYZER_NUMBER_OBJECT_CONVERSION = YES_AGGRESSIVE;
				CLANG_CXX_LANGUAGE_STANDARD = "gnu++20";
				CLANG_ENABLE_MODULES = YES;
				CLANG_ENABLE_OBJC_ARC = YES;
				CLANG_ENABLE_OBJC_WEAK = YES;
				CLANG_WARN_BLOCK_CAPTURE_AUTORELEASING = YES;
				CLANG_WARN_BOOL_CONVERSION = YES;
				CLANG_WARN_COMMA = YES;
				CLANG_WARN_CONSTANT_CONVERSION = YES;
				CLANG_WARN_DEPRECATED_OBJC_IMPLEMENTATIONS = YES;
				CLANG_WARN_DIRECT_OBJC_ISA_USAGE = YES_ERROR;
				CLANG_WARN_DOCUMENTATION_COMMENTS = YES;
				CLANG_WARN_EMPTY_BODY = YES;
				CLANG_WARN_ENUM_CONVERSION = YES;
				CLANG_WARN_INFINITE_RECURSION = YES;
				CLANG_WARN_INT_CONVERSION = YES;
				CLANG_WARN_NON_LITERAL_NULL_CONVERSION = YES;
				CLANG_WARN_OBJC_IMPLICIT_RETAIN_SELF = YES;
				CLANG_WARN_OBJC_LITERAL_CONVERSION = YES;
				CLANG_WARN_OBJC_ROOT_CLASS = YES_ERROR;
				CLANG_WARN_QUOTED_INCLUDE_IN_FRAMEWORK_HEADER = YES;
				CLANG_WARN_RANGE_LOOP_ANALYSIS = YES;
				CLANG_WARN_STRICT_PROTOTYPES = YES;
				CLANG_WARN_SUSPICIOUS_MOVE = YES;
				CLANG_WARN_UNGUARDED_AVAILABILITY = YES_AGGRESSIVE;
				CLANG_WARN_UNREACHABLE_CODE = YES;
				CLANG_WARN__DUPLICATE_METHOD_MATCH = YES;
				COPY_PHASE_STRIP = NO;
				DEBUG_INFORMATION_FORMAT = "dwarf-with-dsym";
				ENABLE_NS_ASSERTIONS = NO;
				ENABLE_STRICT_OBJC_MSGSEND = YES;
				GCC_C_LANGUAGE_STANDARD = gnu11;
				GCC_NO_COMMON_BLOCKS = YES;
				GCC_WARN_64_TO_32_BIT_CONVERSION = YES;
				GCC_WARN_ABOUT_RETURN_TYPE = YES_ERROR;
				GCC_WARN_UNDECLARED_SELECTOR = YES;
				GCC_WARN_UNINITIALIZED_AUTOS = YES_AGGRESSIVE;
				GCC_WARN_UNUSED_FUNCTION = YES;
				GCC_WARN_UNUSED_VARIABLE = YES;
				IPHONEOS_DEPLOYMENT_TARGET = 16.0;
				MTL_ENABLE_DEBUG_INFO = NO;
				MTL_FAST_MATH = YES;
				SDKROOT = iphoneos;
				SWIFT_COMPILATION_MODE = wholemodule;
				SWIFT_OPTIMIZATION_LEVEL = "-O";
				VALIDATE_PRODUCT = YES;
			};
			name = Release;
		};
		01F06D3929E594110012CFE7 /* Debug */ = {
			isa = XCBuildConfiguration;
			buildSettings = {
				ASSETCATALOG_COMPILER_APPICON_NAME = AppIcon;
				ASSETCATALOG_COMPILER_GLOBAL_ACCENT_COLOR_NAME = AccentColor;
				CODE_SIGN_ENTITLEMENTS = MonsterFitness/MonsterFitness.entitlements;
				CODE_SIGN_STYLE = Automatic;
				CURRENT_PROJECT_VERSION = 1;
				DEVELOPMENT_TEAM = 9553YZB7F9;
				GENERATE_INFOPLIST_FILE = YES;
				INFOPLIST_FILE = MonsterFitness/Info.plist;
				INFOPLIST_KEY_NSHealthShareUsageDescription = "Нам нужен твой степкаунт!";
				INFOPLIST_KEY_NSHealthUpdateUsageDescription = "Еще одно разрешение для степкаунта";
				INFOPLIST_KEY_NSMotionUsageDescription = "We are using motion usage in order to track your step count.";
				INFOPLIST_KEY_UIApplicationSupportsIndirectInputEvents = YES;
				INFOPLIST_KEY_UILaunchStoryboardName = LaunchScreen;
				INFOPLIST_KEY_UISupportedInterfaceOrientations_iPad = "UIInterfaceOrientationPortrait UIInterfaceOrientationPortraitUpsideDown UIInterfaceOrientationLandscapeLeft UIInterfaceOrientationLandscapeRight";
				INFOPLIST_KEY_UISupportedInterfaceOrientations_iPhone = "UIInterfaceOrientationPortrait UIInterfaceOrientationLandscapeLeft UIInterfaceOrientationLandscapeRight";
				IPHONEOS_DEPLOYMENT_TARGET = 16.0;
				LD_RUNPATH_SEARCH_PATHS = (
					"$(inherited)",
					"@executable_path/Frameworks",
				);
				MARKETING_VERSION = 1.0;
				PRODUCT_BUNDLE_IDENTIFIER = "ru.monser-fitness";
				PRODUCT_NAME = "$(TARGET_NAME)";
				SWIFT_EMIT_LOC_STRINGS = YES;
				SWIFT_VERSION = 5.0;
				TARGETED_DEVICE_FAMILY = "1,2";
			};
			name = Debug;
		};
		01F06D3A29E594110012CFE7 /* Release */ = {
			isa = XCBuildConfiguration;
			buildSettings = {
				ASSETCATALOG_COMPILER_APPICON_NAME = AppIcon;
				ASSETCATALOG_COMPILER_GLOBAL_ACCENT_COLOR_NAME = AccentColor;
				CODE_SIGN_ENTITLEMENTS = MonsterFitness/MonsterFitness.entitlements;
				CODE_SIGN_STYLE = Automatic;
				CURRENT_PROJECT_VERSION = 1;
				DEVELOPMENT_TEAM = 9553YZB7F9;
				GENERATE_INFOPLIST_FILE = YES;
				INFOPLIST_FILE = MonsterFitness/Info.plist;
				INFOPLIST_KEY_NSHealthShareUsageDescription = "Нам нужен твой степкаунт!";
				INFOPLIST_KEY_NSHealthUpdateUsageDescription = "Еще одно разрешение для степкаунта";
				INFOPLIST_KEY_NSMotionUsageDescription = "We are using motion usage in order to track your step count.";
				INFOPLIST_KEY_UIApplicationSupportsIndirectInputEvents = YES;
				INFOPLIST_KEY_UILaunchStoryboardName = LaunchScreen;
				INFOPLIST_KEY_UISupportedInterfaceOrientations_iPad = "UIInterfaceOrientationPortrait UIInterfaceOrientationPortraitUpsideDown UIInterfaceOrientationLandscapeLeft UIInterfaceOrientationLandscapeRight";
				INFOPLIST_KEY_UISupportedInterfaceOrientations_iPhone = "UIInterfaceOrientationPortrait UIInterfaceOrientationLandscapeLeft UIInterfaceOrientationLandscapeRight";
				IPHONEOS_DEPLOYMENT_TARGET = 16.0;
				LD_RUNPATH_SEARCH_PATHS = (
					"$(inherited)",
					"@executable_path/Frameworks",
				);
				MARKETING_VERSION = 1.0;
				PRODUCT_BUNDLE_IDENTIFIER = "ru.monser-fitness";
				PRODUCT_NAME = "$(TARGET_NAME)";
				SWIFT_EMIT_LOC_STRINGS = YES;
				SWIFT_VERSION = 5.0;
				TARGETED_DEVICE_FAMILY = "1,2";
			};
			name = Release;
		};
/* End XCBuildConfiguration section */

/* Begin XCConfigurationList section */
		01F06D1C29E594100012CFE7 /* Build configuration list for PBXProject "MonsterFitness" */ = {
			isa = XCConfigurationList;
			buildConfigurations = (
				01F06D3629E594110012CFE7 /* Debug */,
				01F06D3729E594110012CFE7 /* Release */,
			);
			defaultConfigurationIsVisible = 0;
			defaultConfigurationName = Release;
		};
		01F06D3829E594110012CFE7 /* Build configuration list for PBXNativeTarget "MonsterFitness" */ = {
			isa = XCConfigurationList;
			buildConfigurations = (
				01F06D3929E594110012CFE7 /* Debug */,
				01F06D3A29E594110012CFE7 /* Release */,
			);
			defaultConfigurationIsVisible = 0;
			defaultConfigurationName = Release;
		};
/* End XCConfigurationList section */

/* Begin XCVersionGroup section */
		01F06D2D29E594100012CFE7 /* MonsterFitness.xcdatamodeld */ = {
			isa = XCVersionGroup;
			children = (
				01F06D2E29E594100012CFE7 /* MonsterFitness.xcdatamodel */,
			);
			currentVersion = 01F06D2E29E594100012CFE7 /* MonsterFitness.xcdatamodel */;
			path = MonsterFitness.xcdatamodeld;
			sourceTree = "<group>";
			versionGroupType = wrapper.xcdatamodel;
		};
/* End XCVersionGroup section */
	};
	rootObject = 01F06D1929E594100012CFE7 /* Project object */;
}
